
Microsoft Visual Studio Solution File, Format Version 12.00
# Visual Studio Version 17
VisualStudioVersion = 17.7.34221.43
MinimumVisualStudioVersion = 10.0.40219.1
Project("{FAE04EC0-301F-11D3-BF4B-00C04F79EFBC}") = "Assignment20", "Assignment20\Assignment20.csproj", "{925CFD9D-5ADE-446D-994A-0B3CF9E56F7B}"
EndProject
Global
	GlobalSection(SolutionConfigurationPlatforms) = preSolution
		Debug|Any CPU = Debug|Any CPU
		Release|Any CPU = Release|Any CPU
	EndGlobalSection
	GlobalSection(ProjectConfigurationPlatforms) = postSolution
		{925CFD9D-5ADE-446D-994A-0B3CF9E56F7B}.Debug|Any CPU.ActiveCfg = Debug|Any CPU
		{925CFD9D-5ADE-446D-994A-0B3CF9E56F7B}.Debug|Any CPU.Build.0 = Debug|Any CPU
		{925CFD9D-5ADE-446D-994A-0B3CF9E56F7B}.Release|Any CPU.ActiveCfg = Release|Any CPU
		{925CFD9D-5ADE-446D-994A-0B3CF9E56F7B}.Release|Any CPU.Build.0 = Release|Any CPU
	EndGlobalSection
	GlobalSection(SolutionProperties) = preSolution
		HideSolutionNode = FALSE
	EndGlobalSection
	GlobalSection(ExtensibilityGlobals) = postSolution
		SolutionGuid = {5B5695AF-AC4A-4A77-A0AA-E9E691A969E8}
	EndGlobalSection
EndGlobal
